
Microsoft Visual Studio Solution File, Format Version 12.00
# Visual Studio Version 16
VisualStudioVersion = 16.0.32413.511
MinimumVisualStudioVersion = 10.0.40219.1
Project("{9A19103F-16F7-4668-BE54-9A1E7A4F7556}") = "DemosPruebasUnitarias", "DemosPruebasUnitarias\DemosPruebasUnitarias.csproj", "{2BC56449-4090-4425-83A1-74C22CCBA3DF}"
EndProject
Project("{9A19103F-16F7-4668-BE54-9A1E7A4F7556}") = "DemoProject", "DemoProject\DemoProject.csproj", "{D44EF6B3-2E99-4976-8ABC-01EC27425BEB}"
EndProject
Project("{9A19103F-16F7-4668-BE54-9A1E7A4F7556}") = "DemoTest", "DemoTest\DemoTest.csproj", "{FBAA550F-15E9-42B3-AE88-9AC13F8FAF48}"
EndProject
Project("{9A19103F-16F7-4668-BE54-9A1E7A4F7556}") = "DemoTestN", "DemoTestN\DemoTestN.csproj", "{E0431D6A-1171-47C7-A541-B69E7669C864}"
EndProject
Project("{9A19103F-16F7-4668-BE54-9A1E7A4F7556}") = "Client", "Client\Client.csproj", "{0D0525F3-39CE-4118-958C-E1545C6A9A19}"
EndProject
Project("{9A19103F-16F7-4668-BE54-9A1E7A4F7556}") = "Api", "ApiTest\Api.csproj", "{87025DF7-F28C-4C31-9A90-1293DF9EEFF5}"
EndProject
Global
	GlobalSection(SolutionConfigurationPlatforms) = preSolution
		Debug|Any CPU = Debug|Any CPU
		Debug|x64 = Debug|x64
		Debug|x86 = Debug|x86
		Release|Any CPU = Release|Any CPU
		Release|x64 = Release|x64
		Release|x86 = Release|x86
	EndGlobalSection
	GlobalSection(ProjectConfigurationPlatforms) = postSolution
		{2BC56449-4090-4425-83A1-74C22CCBA3DF}.Debug|Any CPU.ActiveCfg = Debug|Any CPU
		{2BC56449-4090-4425-83A1-74C22CCBA3DF}.Debug|Any CPU.Build.0 = Debug|Any CPU
		{2BC56449-4090-4425-83A1-74C22CCBA3DF}.Debug|x64.ActiveCfg = Debug|Any CPU
		{2BC56449-4090-4425-83A1-74C22CCBA3DF}.Debug|x64.Build.0 = Debug|Any CPU
		{2BC56449-4090-4425-83A1-74C22CCBA3DF}.Debug|x86.ActiveCfg = Debug|Any CPU
		{2BC56449-4090-4425-83A1-74C22CCBA3DF}.Debug|x86.Build.0 = Debug|Any CPU
		{2BC56449-4090-4425-83A1-74C22CCBA3DF}.Release|Any CPU.ActiveCfg = Release|Any CPU
		{2BC56449-4090-4425-83A1-74C22CCBA3DF}.Release|Any CPU.Build.0 = Release|Any CPU
		{2BC56449-4090-4425-83A1-74C22CCBA3DF}.Release|x64.ActiveCfg = Release|x64
		{2BC56449-4090-4425-83A1-74C22CCBA3DF}.Release|x64.Build.0 = Release|x64
		{2BC56449-4090-4425-83A1-74C22CCBA3DF}.Release|x86.ActiveCfg = Release|Any CPU
		{2BC56449-4090-4425-83A1-74C22CCBA3DF}.Release|x86.Build.0 = Release|Any CPU
		{D44EF6B3-2E99-4976-8ABC-01EC27425BEB}.Debug|Any CPU.ActiveCfg = Debug|Any CPU
		{D44EF6B3-2E99-4976-8ABC-01EC27425BEB}.Debug|Any CPU.Build.0 = Debug|Any CPU
		{D44EF6B3-2E99-4976-8ABC-01EC27425BEB}.Debug|x64.ActiveCfg = Debug|Any CPU
		{D44EF6B3-2E99-4976-8ABC-01EC27425BEB}.Debug|x64.Build.0 = Debug|Any CPU
		{D44EF6B3-2E99-4976-8ABC-01EC27425BEB}.Debug|x86.ActiveCfg = Debug|x64
		{D44EF6B3-2E99-4976-8ABC-01EC27425BEB}.Debug|x86.Build.0 = Debug|x64
		{D44EF6B3-2E99-4976-8ABC-01EC27425BEB}.Release|Any CPU.ActiveCfg = Release|Any CPU
		{D44EF6B3-2E99-4976-8ABC-01EC27425BEB}.Release|Any CPU.Build.0 = Release|Any CPU
		{D44EF6B3-2E99-4976-8ABC-01EC27425BEB}.Release|x64.ActiveCfg = Release|x64
		{D44EF6B3-2E99-4976-8ABC-01EC27425BEB}.Release|x64.Build.0 = Release|x64
		{D44EF6B3-2E99-4976-8ABC-01EC27425BEB}.Release|x86.ActiveCfg = Release|Any CPU
		{D44EF6B3-2E99-4976-8ABC-01EC27425BEB}.Release|x86.Build.0 = Release|Any CPU
		{FBAA550F-15E9-42B3-AE88-9AC13F8FAF48}.Debug|Any CPU.ActiveCfg = Debug|Any CPU
		{FBAA550F-15E9-42B3-AE88-9AC13F8FAF48}.Debug|Any CPU.Build.0 = Debug|Any CPU
		{FBAA550F-15E9-42B3-AE88-9AC13F8FAF48}.Debug|x64.ActiveCfg = Debug|Any CPU
		{FBAA550F-15E9-42B3-AE88-9AC13F8FAF48}.Debug|x64.Build.0 = Debug|Any CPU
		{FBAA550F-15E9-42B3-AE88-9AC13F8FAF48}.Debug|x86.ActiveCfg = Debug|Any CPU
		{FBAA550F-15E9-42B3-AE88-9AC13F8FAF48}.Debug|x86.Build.0 = Debug|Any CPU
		{FBAA550F-15E9-42B3-AE88-9AC13F8FAF48}.Release|Any CPU.ActiveCfg = Release|Any CPU
		{FBAA550F-15E9-42B3-AE88-9AC13F8FAF48}.Release|Any CPU.Build.0 = Release|Any CPU
		{FBAA550F-15E9-42B3-AE88-9AC13F8FAF48}.Release|x64.ActiveCfg = Release|Any CPU
		{FBAA550F-15E9-42B3-AE88-9AC13F8FAF48}.Release|x64.Build.0 = Release|Any CPU
		{FBAA550F-15E9-42B3-AE88-9AC13F8FAF48}.Release|x86.ActiveCfg = Release|Any CPU
		{FBAA550F-15E9-42B3-AE88-9AC13F8FAF48}.Release|x86.Build.0 = Release|Any CPU
		{E0431D6A-1171-47C7-A541-B69E7669C864}.Debug|Any CPU.ActiveCfg = Debug|Any CPU
		{E0431D6A-1171-47C7-A541-B69E7669C864}.Debug|Any CPU.Build.0 = Debug|Any CPU
		{E0431D6A-1171-47C7-A541-B69E7669C864}.Debug|x64.ActiveCfg = Debug|Any CPU
		{E0431D6A-1171-47C7-A541-B69E7669C864}.Debug|x64.Build.0 = Debug|Any CPU
		{E0431D6A-1171-47C7-A541-B69E7669C864}.Debug|x86.ActiveCfg = Debug|Any CPU
		{E0431D6A-1171-47C7-A541-B69E7669C864}.Debug|x86.Build.0 = Debug|Any CPU
		{E0431D6A-1171-47C7-A541-B69E7669C864}.Release|Any CPU.ActiveCfg = Release|Any CPU
		{E0431D6A-1171-47C7-A541-B69E7669C864}.Release|Any CPU.Build.0 = Release|Any CPU
		{E0431D6A-1171-47C7-A541-B69E7669C864}.Release|x64.ActiveCfg = Release|Any CPU
		{E0431D6A-1171-47C7-A541-B69E7669C864}.Release|x64.Build.0 = Release|Any CPU
		{E0431D6A-1171-47C7-A541-B69E7669C864}.Release|x86.ActiveCfg = Release|Any CPU
		{E0431D6A-1171-47C7-A541-B69E7669C864}.Release|x86.Build.0 = Release|Any CPU
		{0D0525F3-39CE-4118-958C-E1545C6A9A19}.Debug|Any CPU.ActiveCfg = Debug|Any CPU
		{0D0525F3-39CE-4118-958C-E1545C6A9A19}.Debug|Any CPU.Build.0 = Debug|Any CPU
		{0D0525F3-39CE-4118-958C-E1545C6A9A19}.Debug|x64.ActiveCfg = Debug|Any CPU
		{0D0525F3-39CE-4118-958C-E1545C6A9A19}.Debug|x64.Build.0 = Debug|Any CPU
		{0D0525F3-39CE-4118-958C-E1545C6A9A19}.Debug|x86.ActiveCfg = Debug|x86
		{0D0525F3-39CE-4118-958C-E1545C6A9A19}.Debug|x86.Build.0 = Debug|x86
		{0D0525F3-39CE-4118-958C-E1545C6A9A19}.Release|Any CPU.ActiveCfg = Release|Any CPU
		{0D0525F3-39CE-4118-958C-E1545C6A9A19}.Release|Any CPU.Build.0 = Release|Any CPU
		{0D0525F3-39CE-4118-958C-E1545C6A9A19}.Release|x64.ActiveCfg = Release|Any CPU
		{0D0525F3-39CE-4118-958C-E1545C6A9A19}.Release|x64.Build.0 = Release|Any CPU
		{0D0525F3-39CE-4118-958C-E1545C6A9A19}.Release|x86.ActiveCfg = Release|x86
		{0D0525F3-39CE-4118-958C-E1545C6A9A19}.Release|x86.Build.0 = Release|x86
		{87025DF7-F28C-4C31-9A90-1293DF9EEFF5}.Debug|Any CPU.ActiveCfg = Debug|Any CPU
		{87025DF7-F28C-4C31-9A90-1293DF9EEFF5}.Debug|Any CPU.Build.0 = Debug|Any CPU
		{87025DF7-F28C-4C31-9A90-1293DF9EEFF5}.Debug|x64.ActiveCfg = Debug|Any CPU
		{87025DF7-F28C-4C31-9A90-1293DF9EEFF5}.Debug|x64.Build.0 = Debug|Any CPU
		{87025DF7-F28C-4C31-9A90-1293DF9EEFF5}.Debug|x86.ActiveCfg = Debug|Any CPU
		{87025DF7-F28C-4C31-9A90-1293DF9EEFF5}.Debug|x86.Build.0 = Debug|Any CPU
		{87025DF7-F28C-4C31-9A90-1293DF9EEFF5}.Release|Any CPU.ActiveCfg = Release|Any CPU
		{87025DF7-F28C-4C31-9A90-1293DF9EEFF5}.Release|Any CPU.Build.0 = Release|Any CPU
		{87025DF7-F28C-4C31-9A90-1293DF9EEFF5}.Release|x64.ActiveCfg = Release|Any CPU
		{87025DF7-F28C-4C31-9A90-1293DF9EEFF5}.Release|x64.Build.0 = Release|Any CPU
		{87025DF7-F28C-4C31-9A90-1293DF9EEFF5}.Release|x86.ActiveCfg = Release|Any CPU
		{87025DF7-F28C-4C31-9A90-1293DF9EEFF5}.Release|x86.Build.0 = Release|Any CPU
	EndGlobalSection
	GlobalSection(SolutionProperties) = preSolution
		HideSolutionNode = FALSE
	EndGlobalSection
	GlobalSection(ExtensibilityGlobals) = postSolution
		SolutionGuid = {0F45CD8F-ABDE-4EF7-B73A-DA417F591B36}
	EndGlobalSection
EndGlobal
